
Microsoft Visual Studio Solution File, Format Version 12.00
# Visual Studio 15
VisualStudioVersion = 15.0.27703.2047
MinimumVisualStudioVersion = 10.0.40219.1
Project("{FAE04EC0-301F-11D3-BF4B-00C04F79EFBC}") = "GoodStore", "GoodStore\GoodStore.csproj", "{8D1EE6C2-18B5-4B41-BCBC-2B3C3AF22995}"
EndProject
Global
	GlobalSection(SolutionConfigurationPlatforms) = preSolution
		Debug|Any CPU = Debug|Any CPU
		Release|Any CPU = Release|Any CPU
	EndGlobalSection
	GlobalSection(ProjectConfigurationPlatforms) = postSolution
		{8D1EE6C2-18B5-4B41-BCBC-2B3C3AF22995}.Debug|Any CPU.ActiveCfg = Debug|Any CPU
		{8D1EE6C2-18B5-4B41-BCBC-2B3C3AF22995}.Debug|Any CPU.Build.0 = Debug|Any CPU
		{8D1EE6C2-18B5-4B41-BCBC-2B3C3AF22995}.Release|Any CPU.ActiveCfg = Release|Any CPU
		{8D1EE6C2-18B5-4B41-BCBC-2B3C3AF22995}.Release|Any CPU.Build.0 = Release|Any CPU
	EndGlobalSection
	GlobalSection(SolutionProperties) = preSolution
		HideSolutionNode = FALSE
	EndGlobalSection
	GlobalSection(ExtensibilityGlobals) = postSolution
		SolutionGuid = {E9771F9B-2E42-438F-98F4-03DA5BC4E4DB}
	EndGlobalSection
EndGlobal
